{
  "pins" : [
    {
      "identity" : "mobile-buy-sdk-ios",
      "kind" : "remoteSourceControl",
      "location" : "https://github.com/Shopify/mobile-buy-sdk-ios",
      "state" : {
        "revision" : "e6e85dcf8f9eb95baaa8336ad3d7967ea8c36ade",
        "version" : "11.1.0"
      }
    }
  ],
  "version" : 2
}
