// !$*UTF8*$!
{
	archiveVersion = 1;
	classes = {
	};
	objectVersion = 56;
	objects = {

/* Begin PBXBuildFile section */
		2147F3E42B502AA9005546F3 /* ShopifyCheckoutSheetKit in Frameworks */ = {isa = PBXBuildFile; productRef = 2147F3E32B502AA9005546F3 /* ShopifyCheckoutSheetKit */; };
		2147F3E62B502AFD005546F3 /* checkout-sheet-kit-swift in Resources */ = {isa = PBXBuildFile; fileRef = 2147F3E52B502AFD005546F3 /* checkout-sheet-kit-swift */; };
		4EA7F9B62A9D2B9D003276A1 /* SettingsView.swift in Sources */ = {isa = PBXBuildFile; fileRef = 4EA7F9B42A9D2B9D003276A1 /* SettingsView.swift */; };
		4EBBA76B2A5F0CE200193E19 /* AppDelegate.swift in Sources */ = {isa = PBXBuildFile; fileRef = 4EBBA76A2A5F0CE200193E19 /* AppDelegate.swift */; };
		4EBBA76D2A5F0CE200193E19 /* SceneDelegate.swift in Sources */ = {isa = PBXBuildFile; fileRef = 4EBBA76C2A5F0CE200193E19 /* SceneDelegate.swift */; };
		4EBBA76F2A5F0CE200193E19 /* ProductView.swift in Sources */ = {isa = PBXBuildFile; fileRef = 4EBBA76E2A5F0CE200193E19 /* ProductView.swift */; };
		4EBBA7742A5F0CE200193E19 /* Assets.xcassets in Resources */ = {isa = PBXBuildFile; fileRef = 4EBBA7732A5F0CE200193E19 /* Assets.xcassets */; };
		4EBBA7772A5F0CE200193E19 /* LaunchScreen.storyboard in Resources */ = {isa = PBXBuildFile; fileRef = 4EBBA7752A5F0CE200193E19 /* LaunchScreen.storyboard */; };
		4EBBA7A32A5F0F5600193E19 /* Buy in Frameworks */ = {isa = PBXBuildFile; productRef = 4EBBA7A22A5F0F5600193E19 /* Buy */; };
		4EBBA7AA2A5F124F00193E19 /* StorefrontClient.swift in Sources */ = {isa = PBXBuildFile; fileRef = 4EBBA7A92A5F124F00193E19 /* StorefrontClient.swift */; };
		4EBBA7AE2A5F1BBF00193E19 /* UIImageView+URL.swift in Sources */ = {isa = PBXBuildFile; fileRef = 4EBBA7AD2A5F1BBF00193E19 /* UIImageView+URL.swift */; };
		4EBBA7B02A5F222F00193E19 /* MoneyV2+Format.swift in Sources */ = {isa = PBXBuildFile; fileRef = 4EBBA7AF2A5F222F00193E19 /* MoneyV2+Format.swift */; };
		4EF54F242A6F456B00F5E407 /* CartManager.swift in Sources */ = {isa = PBXBuildFile; fileRef = 4EF54F232A6F456B00F5E407 /* CartManager.swift */; };
		4EF54F272A6F4C4F00F5E407 /* CartViewController.swift in Sources */ = {isa = PBXBuildFile; fileRef = 4EF54F262A6F4C4F00F5E407 /* CartViewController.swift */; };
		6A257A132AFBA78500610DA5 /* LogReader.swift in Sources */ = {isa = PBXBuildFile; fileRef = 6A257A122AFBA78500610DA5 /* LogReader.swift */; };
		6A257A152AFBB06300610DA5 /* Logger.swift in Sources */ = {isa = PBXBuildFile; fileRef = 6A257A142AFBB06300610DA5 /* Logger.swift */; };
		6A2E77BE2CE606490067062D /* ProductGridView.swift in Sources */ = {isa = PBXBuildFile; fileRef = 6A2E77BD2CE606400067062D /* ProductGridView.swift */; };
		6A2E77C02CE618720067062D /* CartView.swift in Sources */ = {isa = PBXBuildFile; fileRef = 6A2E77BF2CE6186F0067062D /* CartView.swift */; };
		6A3393632CEF742500E89FAA /* CheckoutController.swift in Sources */ = {isa = PBXBuildFile; fileRef = 6A3393622CEF742200E89FAA /* CheckoutController.swift */; };
		6A3393652CEF9E8100E89FAA /* Theme.swift in Sources */ = {isa = PBXBuildFile; fileRef = 6A3393642CEF9E7F00E89FAA /* Theme.swift */; };
		6A34672F2B5FFEFB007314A8 /* WebPixelEventsView.swift in Sources */ = {isa = PBXBuildFile; fileRef = 6A34672E2B5FFEFB007314A8 /* WebPixelEventsView.swift */; };
		6A3467332B600E64007314A8 /* LogsView.swift in Sources */ = {isa = PBXBuildFile; fileRef = 6A3467322B600E64007314A8 /* LogsView.swift */; };
		6A3D7ADC2B8E01460010EB27 /* Localizable.xcstrings in Resources */ = {isa = PBXBuildFile; fileRef = 6A3D7ADB2B8E01460010EB27 /* Localizable.xcstrings */; };
		6A774DD12B58023400C8EF7E /* CountryCode+inferRegion.swift in Sources */ = {isa = PBXBuildFile; fileRef = 6A774DD02B58023400C8EF7E /* CountryCode+inferRegion.swift */; };
		86250DE42AD5521C002E45C2 /* AppConfiguration.swift in Sources */ = {isa = PBXBuildFile; fileRef = 86250DE32AD5521C002E45C2 /* AppConfiguration.swift */; };
		CB05E6BD2D493B8F00466376 /* ApplePayHandler.swift in Sources */ = {isa = PBXBuildFile; fileRef = CB05E6BC2D493B8B00466376 /* ApplePayHandler.swift */; };
		CB05E6BF2D4951DA00466376 /* InfoDictionary.swift in Sources */ = {isa = PBXBuildFile; fileRef = CB05E6BE2D4951D700466376 /* InfoDictionary.swift */; };
		CB05E6C12D4954A600466376 /* PaymentCodable.swift in Sources */ = {isa = PBXBuildFile; fileRef = CB05E6C02D49549700466376 /* PaymentCodable.swift */; };
		CB05E6C42D4954E800466376 /* Storefront.swift in Sources */ = {isa = PBXBuildFile; fileRef = CB05E6C32D4954E400466376 /* Storefront.swift */; };
		CB05E6C62D4A5AB600466376 /* PassKitFactory.swift in Sources */ = {isa = PBXBuildFile; fileRef = CB05E6C52D4A5AB200466376 /* PassKitFactory.swift */; };
/* End PBXBuildFile section */

/* Begin PBXFileReference section */
		2147F3E52B502AFD005546F3 /* checkout-sheet-kit-swift */ = {isa = PBXFileReference; lastKnownFileType = wrapper; name = "checkout-sheet-kit-swift"; path = ../..; sourceTree = "<group>"; };
		4EA7F9B42A9D2B9D003276A1 /* SettingsView.swift */ = {isa = PBXFileReference; lastKnownFileType = sourcecode.swift; path = SettingsView.swift; sourceTree = "<group>"; };
		4EBBA7672A5F0CE200193E19 /* MobileBuyIntegration.app */ = {isa = PBXFileReference; explicitFileType = wrapper.application; includeInIndex = 0; path = MobileBuyIntegration.app; sourceTree = BUILT_PRODUCTS_DIR; };
		4EBBA76A2A5F0CE200193E19 /* AppDelegate.swift */ = {isa = PBXFileReference; lastKnownFileType = sourcecode.swift; path = AppDelegate.swift; sourceTree = "<group>"; };
		4EBBA76C2A5F0CE200193E19 /* SceneDelegate.swift */ = {isa = PBXFileReference; lastKnownFileType = sourcecode.swift; path = SceneDelegate.swift; sourceTree = "<group>"; };
		4EBBA76E2A5F0CE200193E19 /* ProductView.swift */ = {isa = PBXFileReference; lastKnownFileType = sourcecode.swift; path = ProductView.swift; sourceTree = "<group>"; };
		4EBBA7732A5F0CE200193E19 /* Assets.xcassets */ = {isa = PBXFileReference; lastKnownFileType = folder.assetcatalog; path = Assets.xcassets; sourceTree = "<group>"; };
		4EBBA7762A5F0CE200193E19 /* Base */ = {isa = PBXFileReference; lastKnownFileType = file.storyboard; name = Base; path = Base.lproj/LaunchScreen.storyboard; sourceTree = "<group>"; };
		4EBBA7782A5F0CE200193E19 /* Info.plist */ = {isa = PBXFileReference; lastKnownFileType = text.plist.xml; path = Info.plist; sourceTree = "<group>"; };
		4EBBA7A72A5F10C400193E19 /* Storefront.xcconfig */ = {isa = PBXFileReference; fileEncoding = 4; lastKnownFileType = text.xcconfig; path = Storefront.xcconfig; sourceTree = SOURCE_ROOT; };
		4EBBA7A92A5F124F00193E19 /* StorefrontClient.swift */ = {isa = PBXFileReference; lastKnownFileType = sourcecode.swift; path = StorefrontClient.swift; sourceTree = "<group>"; };
		4EBBA7AD2A5F1BBF00193E19 /* UIImageView+URL.swift */ = {isa = PBXFileReference; lastKnownFileType = sourcecode.swift; path = "UIImageView+URL.swift"; sourceTree = "<group>"; };
		4EBBA7AF2A5F222F00193E19 /* MoneyV2+Format.swift */ = {isa = PBXFileReference; lastKnownFileType = sourcecode.swift; path = "MoneyV2+Format.swift"; sourceTree = "<group>"; };
		4EF54F232A6F456B00F5E407 /* CartManager.swift */ = {isa = PBXFileReference; lastKnownFileType = sourcecode.swift; path = CartManager.swift; sourceTree = "<group>"; };
		4EF54F262A6F4C4F00F5E407 /* CartViewController.swift */ = {isa = PBXFileReference; lastKnownFileType = sourcecode.swift; path = CartViewController.swift; sourceTree = "<group>"; };
		6A257A122AFBA78500610DA5 /* LogReader.swift */ = {isa = PBXFileReference; lastKnownFileType = sourcecode.swift; path = LogReader.swift; sourceTree = "<group>"; };
		6A257A142AFBB06300610DA5 /* Logger.swift */ = {isa = PBXFileReference; lastKnownFileType = sourcecode.swift; path = Logger.swift; sourceTree = "<group>"; };
		6A2E77BD2CE606400067062D /* ProductGridView.swift */ = {isa = PBXFileReference; lastKnownFileType = sourcecode.swift; path = ProductGridView.swift; sourceTree = "<group>"; };
		6A2E77BF2CE6186F0067062D /* CartView.swift */ = {isa = PBXFileReference; lastKnownFileType = sourcecode.swift; path = CartView.swift; sourceTree = "<group>"; };
		6A3393622CEF742200E89FAA /* CheckoutController.swift */ = {isa = PBXFileReference; lastKnownFileType = sourcecode.swift; path = CheckoutController.swift; sourceTree = "<group>"; };
		6A3393642CEF9E7F00E89FAA /* Theme.swift */ = {isa = PBXFileReference; lastKnownFileType = sourcecode.swift; path = Theme.swift; sourceTree = "<group>"; };
		6A34672E2B5FFEFB007314A8 /* WebPixelEventsView.swift */ = {isa = PBXFileReference; lastKnownFileType = sourcecode.swift; path = WebPixelEventsView.swift; sourceTree = "<group>"; };
		6A3467322B600E64007314A8 /* LogsView.swift */ = {isa = PBXFileReference; lastKnownFileType = sourcecode.swift; path = LogsView.swift; sourceTree = "<group>"; };
		6A3D7ADB2B8E01460010EB27 /* Localizable.xcstrings */ = {isa = PBXFileReference; lastKnownFileType = text.json.xcstrings; path = Localizable.xcstrings; sourceTree = "<group>"; };
		6A774DD02B58023400C8EF7E /* CountryCode+inferRegion.swift */ = {isa = PBXFileReference; lastKnownFileType = sourcecode.swift; path = "CountryCode+inferRegion.swift"; sourceTree = "<group>"; };
		86250DE32AD5521C002E45C2 /* AppConfiguration.swift */ = {isa = PBXFileReference; lastKnownFileType = sourcecode.swift; path = AppConfiguration.swift; sourceTree = "<group>"; };
		CB05E6BC2D493B8B00466376 /* ApplePayHandler.swift */ = {isa = PBXFileReference; lastKnownFileType = sourcecode.swift; path = ApplePayHandler.swift; sourceTree = "<group>"; };
		CB05E6BE2D4951D700466376 /* InfoDictionary.swift */ = {isa = PBXFileReference; lastKnownFileType = sourcecode.swift; path = InfoDictionary.swift; sourceTree = "<group>"; };
		CB05E6C02D49549700466376 /* PaymentCodable.swift */ = {isa = PBXFileReference; lastKnownFileType = sourcecode.swift; path = PaymentCodable.swift; sourceTree = "<group>"; };
		CB05E6C32D4954E400466376 /* Storefront.swift */ = {isa = PBXFileReference; lastKnownFileType = sourcecode.swift; path = Storefront.swift; sourceTree = "<group>"; };
		CB05E6C52D4A5AB200466376 /* PassKitFactory.swift */ = {isa = PBXFileReference; lastKnownFileType = sourcecode.swift; path = PassKitFactory.swift; sourceTree = "<group>"; };
/* End PBXFileReference section */

/* Begin PBXFrameworksBuildPhase section */
		4EBBA7642A5F0CE200193E19 /* Frameworks */ = {
			isa = PBXFrameworksBuildPhase;
			buildActionMask = 2147483647;
			files = (
				2147F3E42B502AA9005546F3 /* ShopifyCheckoutSheetKit in Frameworks */,
				4EBBA7A32A5F0F5600193E19 /* Buy in Frameworks */,
			);
			runOnlyForDeploymentPostprocessing = 0;
		};
/* End PBXFrameworksBuildPhase section */

/* Begin PBXGroup section */
		4EBBA75E2A5F0CE200193E19 = {
			isa = PBXGroup;
			children = (
				4EBBA7692A5F0CE200193E19 /* MobileBuyIntegration */,
				4EBBA7B32A5F230900193E19 /* Packages */,
				4EBBA7682A5F0CE200193E19 /* Products */,
				4EBBA7B52A5F231500193E19 /* Frameworks */,
			);
			sourceTree = "<group>";
		};
		4EBBA7682A5F0CE200193E19 /* Products */ = {
			isa = PBXGroup;
			children = (
				4EBBA7672A5F0CE200193E19 /* MobileBuyIntegration.app */,
			);
			name = Products;
			sourceTree = "<group>";
		};
		4EBBA7692A5F0CE200193E19 /* MobileBuyIntegration */ = {
			isa = PBXGroup;
			children = (
				4EBBA77F2A5F0DA300193E19 /* Application */,
				4EBBA7B82A5F26ED00193E19 /* Extensions */,
				4EBBA77E2A5F0D8E00193E19 /* Resources */,
			);
			path = MobileBuyIntegration;
			sourceTree = "<group>";
		};
		4EBBA77E2A5F0D8E00193E19 /* Resources */ = {
			isa = PBXGroup;
			children = (
				4EBBA7A72A5F10C400193E19 /* Storefront.xcconfig */,
				4EBBA7732A5F0CE200193E19 /* Assets.xcassets */,
				4EBBA7752A5F0CE200193E19 /* LaunchScreen.storyboard */,
				4EBBA7782A5F0CE200193E19 /* Info.plist */,
			);
			name = Resources;
			sourceTree = "<group>";
		};
		4EBBA77F2A5F0DA300193E19 /* Application */ = {
			isa = PBXGroup;
			children = (
				86250DE32AD5521C002E45C2 /* AppConfiguration.swift */,
				4EBBA76A2A5F0CE200193E19 /* AppDelegate.swift */,
				CB05E6BB2D493B8200466376 /* ApplePay */,
				4EF54F232A6F456B00F5E407 /* CartManager.swift */,
				CB05E6BE2D4951D700466376 /* InfoDictionary.swift */,
				CB05E6C22D4954DF00466376 /* Extensions */,
				6A257A142AFBB06300610DA5 /* Logger.swift */,
				6A257A122AFBA78500610DA5 /* LogReader.swift */,
				4EBBA76C2A5F0CE200193E19 /* SceneDelegate.swift */,
				4EBBA7A92A5F124F00193E19 /* StorefrontClient.swift */,
				6A3393642CEF9E7F00E89FAA /* Theme.swift */,
				CB05E6C72D4B81B200466376 /* Views */,
				CB05E6C82D4B81EF00466376 /* ViewControllers */,
				6A3D7ADB2B8E01460010EB27 /* Localizable.xcstrings */,
			);
			name = Application;
			sourceTree = "<group>";
		};
		4EBBA7B32A5F230900193E19 /* Packages */ = {
			isa = PBXGroup;
			children = (
				2147F3E52B502AFD005546F3 /* checkout-sheet-kit-swift */,
			);
			name = Packages;
			sourceTree = "<group>";
		};
		4EBBA7B52A5F231500193E19 /* Frameworks */ = {
			isa = PBXGroup;
			children = (
			);
			name = Frameworks;
			sourceTree = "<group>";
		};
		4EBBA7B82A5F26ED00193E19 /* Extensions */ = {
			isa = PBXGroup;
			children = (
				4EBBA7AF2A5F222F00193E19 /* MoneyV2+Format.swift */,
				4EBBA7AD2A5F1BBF00193E19 /* UIImageView+URL.swift */,
				6A774DD02B58023400C8EF7E /* CountryCode+inferRegion.swift */,
			);
			name = Extensions;
			sourceTree = "<group>";
		};
		CB05E6BB2D493B8200466376 /* ApplePay */ = {
			isa = PBXGroup;
			children = (
				CB05E6C52D4A5AB200466376 /* PassKitFactory.swift */,
				CB05E6C02D49549700466376 /* PaymentCodable.swift */,
				CB05E6BC2D493B8B00466376 /* ApplePayHandler.swift */,
			);
			path = ApplePay;
			sourceTree = "<group>";
		};
		CB05E6C22D4954DF00466376 /* Extensions */ = {
			isa = PBXGroup;
			children = (
				CB05E6C32D4954E400466376 /* Storefront.swift */,
			);
			path = Extensions;
			sourceTree = "<group>";
		};
		CB05E6C72D4B81B200466376 /* Views */ = {
			isa = PBXGroup;
			children = (
				6A2E77BF2CE6186F0067062D /* CartView.swift */,
				6A2E77BD2CE606400067062D /* ProductGridView.swift */,
				6A3467322B600E64007314A8 /* LogsView.swift */,
				4EBBA76E2A5F0CE200193E19 /* ProductView.swift */,
				4EA7F9B42A9D2B9D003276A1 /* SettingsView.swift */,
				6A34672E2B5FFEFB007314A8 /* WebPixelEventsView.swift */,
			);
			path = Views;
			sourceTree = "<group>";
		};
		CB05E6C82D4B81EF00466376 /* ViewControllers */ = {
			isa = PBXGroup;
			children = (
				4EF54F262A6F4C4F00F5E407 /* CartViewController.swift */,
				6A3393622CEF742200E89FAA /* CheckoutController.swift */,
			);
			path = ViewControllers;
			sourceTree = "<group>";
		};
/* End PBXGroup section */

/* Begin PBXNativeTarget section */
		4EBBA7662A5F0CE200193E19 /* MobileBuyIntegration */ = {
			isa = PBXNativeTarget;
			buildConfigurationList = 4EBBA77B2A5F0CE200193E19 /* Build configuration list for PBXNativeTarget "MobileBuyIntegration" */;
			buildPhases = (
				CBFE68672CF7544100A369B0 /* Generate Entitlements */,
				6A9124C62CF6114E0076C21C /* Run Swiftformat over sample code */,
				4EBBA7632A5F0CE200193E19 /* Sources */,
				4EBBA7642A5F0CE200193E19 /* Frameworks */,
				4EBBA7652A5F0CE200193E19 /* Resources */,
				6A07CDC22CE3CF2700578D48 /* Remove binaries from build */,
			);
			buildRules = (
			);
			dependencies = (
			);
			name = MobileBuyIntegration;
			packageProductDependencies = (
				4EBBA7A22A5F0F5600193E19 /* Buy */,
				2147F3E32B502AA9005546F3 /* ShopifyCheckoutSheetKit */,
			);
			productName = MobileBuyIntegration;
			productReference = 4EBBA7672A5F0CE200193E19 /* MobileBuyIntegration.app */;
			productType = "com.apple.product-type.application";
		};
/* End PBXNativeTarget section */

/* Begin PBXProject section */
		4EBBA75F2A5F0CE200193E19 /* Project object */ = {
			isa = PBXProject;
			attributes = {
				BuildIndependentTargetsInParallel = 1;
				LastSwiftUpdateCheck = 1430;
				LastUpgradeCheck = 1520;
				TargetAttributes = {
					4EBBA7662A5F0CE200193E19 = {
						CreatedOnToolsVersion = 14.3.1;
					};
				};
			};
			buildConfigurationList = 4EBBA7622A5F0CE200193E19 /* Build configuration list for PBXProject "MobileBuyIntegration" */;
			compatibilityVersion = "Xcode 14.0";
			developmentRegion = en;
			hasScannedForEncodings = 0;
			knownRegions = (
				en,
				Base,
				fr,
				"fr-CA",
			);
			mainGroup = 4EBBA75E2A5F0CE200193E19;
			packageReferences = (
				4EBBA7A12A5F0F5600193E19 /* XCRemoteSwiftPackageReference "mobile-buy-sdk-ios" */,
			);
			productRefGroup = 4EBBA7682A5F0CE200193E19 /* Products */;
			projectDirPath = "";
			projectRoot = "";
			targets = (
				4EBBA7662A5F0CE200193E19 /* MobileBuyIntegration */,
			);
		};
/* End PBXProject section */

/* Begin PBXResourcesBuildPhase section */
		4EBBA7652A5F0CE200193E19 /* Resources */ = {
			isa = PBXResourcesBuildPhase;
			buildActionMask = 2147483647;
			files = (
				4EBBA7772A5F0CE200193E19 /* LaunchScreen.storyboard in Resources */,
				6A3D7ADC2B8E01460010EB27 /* Localizable.xcstrings in Resources */,
				4EBBA7742A5F0CE200193E19 /* Assets.xcassets in Resources */,
				2147F3E62B502AFD005546F3 /* checkout-sheet-kit-swift in Resources */,
			);
			runOnlyForDeploymentPostprocessing = 0;
		};
/* End PBXResourcesBuildPhase section */

/* Begin PBXShellScriptBuildPhase section */
		6A07CDC22CE3CF2700578D48 /* Remove binaries from build */ = {
			isa = PBXShellScriptBuildPhase;
			buildActionMask = 2147483647;
			files = (
			);
			inputFileListPaths = (
			);
			inputPaths = (
			);
			name = "Remove binaries from build";
			outputFileListPaths = (
			);
			outputPaths = (
			);
			runOnlyForDeploymentPostprocessing = 0;
			shellPath = /bin/sh;
			shellScript = "# Remove .pcm binaries from build\nfind \"${TARGET_BUILD_DIR}/${FULL_PRODUCT_NAME}\" -name \"*.pcm\" -type f -delete\n\n# Remove Swiftlint binaries from build\nfind \"${TARGET_BUILD_DIR}/${FULL_PRODUCT_NAME}\" -iname \"swiftlint*\" -type f -delete\n\n\n\n";
		};
		6A9124C62CF6114E0076C21C /* Run Swiftformat over sample code */ = {
			isa = PBXShellScriptBuildPhase;
			buildActionMask = 2147483647;
			files = (
			);
			inputFileListPaths = (
			);
			inputPaths = (
			);
			name = "Run Swiftformat over sample code";
			outputFileListPaths = (
			);
			outputPaths = (
			);
			runOnlyForDeploymentPostprocessing = 0;
			shellPath = /bin/sh;
			shellScript = "export PATH=\"/opt/homebrew/bin:$PATH\"\n\nif which swiftformat >/dev/null; then\n\tswiftformat \"${SRCROOT}\" \nelse  \n\techo \"error: SwiftFormat not installed, download using \\\"brew install swiftformat\\\"\"\nfi\n";
		};
		CBFE68672CF7544100A369B0 /* Generate Entitlements */ = {
			isa = PBXShellScriptBuildPhase;
			alwaysOutOfDate = 1;
			buildActionMask = 2147483647;
			files = (
			);
			inputFileListPaths = (
			);
			inputPaths = (
			);
			name = "Generate Entitlements";
			outputFileListPaths = (
			);
			outputPaths = (
				"$(SRCROOT)/Samples/MobileBuyIntegration/MobileBuyIntegration/MobileBuyIntegration.entitlements",
			);
			runOnlyForDeploymentPostprocessing = 0;
			shellPath = /bin/sh;
			shellScript = "# Path to the entitlements file\nset -e\n\necho \"SRCROOT: ${SRCROOT}\"\n\nENTITLEMENTS_FILE=\"${SRCROOT}/Samples/MobileBuyIntegration/MobileBuyIntegration/MobileBuyIntegration.entitlements\"\nCONFIG_FILE=\"Storefront.xcconfig\"\nSTOREFRONT_DOMAIN=$(grep '^STOREFRONT_DOMAIN' \"$CONFIG_FILE\" | cut -d '=' -f2 | tr -d ' ')\n\nTEMPLATE_FILE=\"MobileBuyIntegration/MobileBuyIntegration.entitlements.template\"\nOUTPUT_FILE=\"MobileBuyIntegration/MobileBuyIntegration.entitlements\"\n\nif [ -z \"$STOREFRONT_DOMAIN\" ]; then\n  echo \"Error: STOREFRONT_DOMAIN is not set in Storefront.xcconfig\"\n  echo \"Add your store credentials here: $ENTITLEMENTS_FILE\"\n  exit 1\nfi\n\n# Check if the entitlements file exists\nif ! grep -q \"${STOREFRONT_DOMAIN}\" \"${OUTPUT_FILE}\"; then\n    sed \"s/{STOREFRONT_DOMAIN}/$STOREFRONT_DOMAIN?mode=developer/g\" \"$TEMPLATE_FILE\" >\"$OUTPUT_FILE\"\n    echo \"Success: Entitlements file generated at $OUTPUT_FILE with domain $STOREFRONT_DOMAIN\"\nelse\n    echo \"Entitlements already contains $STOREFRONT_DOMAIN. Will not re-create.\"\nfi  \n\n";
			showEnvVarsInLog = 0;
		};
/* End PBXShellScriptBuildPhase section */

/* Begin PBXSourcesBuildPhase section */
		4EBBA7632A5F0CE200193E19 /* Sources */ = {
			isa = PBXSourcesBuildPhase;
			buildActionMask = 2147483647;
			files = (
				4EBBA7AE2A5F1BBF00193E19 /* UIImageView+URL.swift in Sources */,
				6A34672F2B5FFEFB007314A8 /* WebPixelEventsView.swift in Sources */,
				4EBBA7B02A5F222F00193E19 /* MoneyV2+Format.swift in Sources */,
				6A2E77BE2CE606490067062D /* ProductGridView.swift in Sources */,
				4EF54F242A6F456B00F5E407 /* CartManager.swift in Sources */,
				CB05E6C62D4A5AB600466376 /* PassKitFactory.swift in Sources */,
				CB05E6C42D4954E800466376 /* Storefront.swift in Sources */,
				4EBBA76F2A5F0CE200193E19 /* ProductView.swift in Sources */,
				4EF54F272A6F4C4F00F5E407 /* CartViewController.swift in Sources */,
				4EBBA76B2A5F0CE200193E19 /* AppDelegate.swift in Sources */,
				86250DE42AD5521C002E45C2 /* AppConfiguration.swift in Sources */,
				4EBBA7AA2A5F124F00193E19 /* StorefrontClient.swift in Sources */,
				CB05E6BF2D4951DA00466376 /* InfoDictionary.swift in Sources */,
				6A257A152AFBB06300610DA5 /* Logger.swift in Sources */,
				CB05E6BD2D493B8F00466376 /* ApplePayHandler.swift in Sources */,
				4EBBA76D2A5F0CE200193E19 /* SceneDelegate.swift in Sources */,
				CB05E6C12D4954A600466376 /* PaymentCodable.swift in Sources */,
				6A2E77C02CE618720067062D /* CartView.swift in Sources */,
				6A3393652CEF9E8100E89FAA /* Theme.swift in Sources */,
				6A774DD12B58023400C8EF7E /* CountryCode+inferRegion.swift in Sources */,
				4EA7F9B62A9D2B9D003276A1 /* SettingsView.swift in Sources */,
				6A3467332B600E64007314A8 /* LogsView.swift in Sources */,
				6A257A132AFBA78500610DA5 /* LogReader.swift in Sources */,
				6A3393632CEF742500E89FAA /* CheckoutController.swift in Sources */,
			);
			runOnlyForDeploymentPostprocessing = 0;
		};
/* End PBXSourcesBuildPhase section */

/* Begin PBXVariantGroup section */
		4EBBA7752A5F0CE200193E19 /* LaunchScreen.storyboard */ = {
			isa = PBXVariantGroup;
			children = (
				4EBBA7762A5F0CE200193E19 /* Base */,
			);
			name = LaunchScreen.storyboard;
			sourceTree = "<group>";
		};
/* End PBXVariantGroup section */

/* Begin XCBuildConfiguration section */
		4EBBA7792A5F0CE200193E19 /* Debug */ = {
			isa = XCBuildConfiguration;
			baseConfigurationReference = 4EBBA7A72A5F10C400193E19 /* Storefront.xcconfig */;
			buildSettings = {
				ALWAYS_SEARCH_USER_PATHS = NO;
				ASSETCATALOG_COMPILER_GENERATE_SWIFT_ASSET_SYMBOL_EXTENSIONS = YES;
				CLANG_ANALYZER_NONNULL = YES;
				CLANG_ANALYZER_NUMBER_OBJECT_CONVERSION = YES_AGGRESSIVE;
				CLANG_CXX_LANGUAGE_STANDARD = "gnu++20";
				CLANG_ENABLE_MODULES = YES;
				CLANG_ENABLE_OBJC_ARC = YES;
				CLANG_ENABLE_OBJC_WEAK = YES;
				CLANG_WARN_BLOCK_CAPTURE_AUTORELEASING = YES;
				CLANG_WARN_BOOL_CONVERSION = YES;
				CLANG_WARN_COMMA = YES;
				CLANG_WARN_CONSTANT_CONVERSION = YES;
				CLANG_WARN_DEPRECATED_OBJC_IMPLEMENTATIONS = YES;
				CLANG_WARN_DIRECT_OBJC_ISA_USAGE = YES_ERROR;
				CLANG_WARN_DOCUMENTATION_COMMENTS = YES;
				CLANG_WARN_EMPTY_BODY = YES;
				CLANG_WARN_ENUM_CONVERSION = YES;
				CLANG_WARN_INFINITE_RECURSION = YES;
				CLANG_WARN_INT_CONVERSION = YES;
				CLANG_WARN_NON_LITERAL_NULL_CONVERSION = YES;
				CLANG_WARN_OBJC_IMPLICIT_RETAIN_SELF = YES;
				CLANG_WARN_OBJC_LITERAL_CONVERSION = YES;
				CLANG_WARN_OBJC_ROOT_CLASS = YES_ERROR;
				CLANG_WARN_QUOTED_INCLUDE_IN_FRAMEWORK_HEADER = YES;
				CLANG_WARN_RANGE_LOOP_ANALYSIS = YES;
				CLANG_WARN_STRICT_PROTOTYPES = YES;
				CLANG_WARN_SUSPICIOUS_MOVE = YES;
				CLANG_WARN_UNGUARDED_AVAILABILITY = YES_AGGRESSIVE;
				CLANG_WARN_UNREACHABLE_CODE = YES;
				CLANG_WARN__DUPLICATE_METHOD_MATCH = YES;
				COPY_PHASE_STRIP = NO;
				DEBUG_INFORMATION_FORMAT = dwarf;
				ENABLE_STRICT_OBJC_MSGSEND = YES;
				ENABLE_TESTABILITY = YES;
				GCC_C_LANGUAGE_STANDARD = gnu11;
				GCC_DYNAMIC_NO_PIC = NO;
				GCC_NO_COMMON_BLOCKS = YES;
				GCC_OPTIMIZATION_LEVEL = 0;
				GCC_PREPROCESSOR_DEFINITIONS = (
					"DEBUG=1",
					"$(inherited)",
				);
				GCC_WARN_64_TO_32_BIT_CONVERSION = YES;
				GCC_WARN_ABOUT_RETURN_TYPE = YES_ERROR;
				GCC_WARN_UNDECLARED_SELECTOR = YES;
				GCC_WARN_UNINITIALIZED_AUTOS = YES_AGGRESSIVE;
				GCC_WARN_UNUSED_FUNCTION = YES;
				GCC_WARN_UNUSED_VARIABLE = YES;
				IPHONEOS_DEPLOYMENT_TARGET = 16.0;
				MTL_ENABLE_DEBUG_INFO = INCLUDE_SOURCE;
				MTL_FAST_MATH = YES;
				ONLY_ACTIVE_ARCH = YES;
				SDKROOT = iphoneos;
				SWIFT_ACTIVE_COMPILATION_CONDITIONS = DEBUG;
				SWIFT_OPTIMIZATION_LEVEL = "-Onone";
			};
			name = Debug;
		};
		4EBBA77A2A5F0CE200193E19 /* Release */ = {
			isa = XCBuildConfiguration;
			baseConfigurationReference = 4EBBA7A72A5F10C400193E19 /* Storefront.xcconfig */;
			buildSettings = {
				ALWAYS_SEARCH_USER_PATHS = NO;
				ASSETCATALOG_COMPILER_GENERATE_SWIFT_ASSET_SYMBOL_EXTENSIONS = YES;
				CLANG_ANALYZER_NONNULL = YES;
				CLANG_ANALYZER_NUMBER_OBJECT_CONVERSION = YES_AGGRESSIVE;
				CLANG_CXX_LANGUAGE_STANDARD = "gnu++20";
				CLANG_ENABLE_MODULES = YES;
				CLANG_ENABLE_OBJC_ARC = YES;
				CLANG_ENABLE_OBJC_WEAK = YES;
				CLANG_WARN_BLOCK_CAPTURE_AUTORELEASING = YES;
				CLANG_WARN_BOOL_CONVERSION = YES;
				CLANG_WARN_COMMA = YES;
				CLANG_WARN_CONSTANT_CONVERSION = YES;
				CLANG_WARN_DEPRECATED_OBJC_IMPLEMENTATIONS = YES;
				CLANG_WARN_DIRECT_OBJC_ISA_USAGE = YES_ERROR;
				CLANG_WARN_DOCUMENTATION_COMMENTS = YES;
				CLANG_WARN_EMPTY_BODY = YES;
				CLANG_WARN_ENUM_CONVERSION = YES;
				CLANG_WARN_INFINITE_RECURSION = YES;
				CLANG_WARN_INT_CONVERSION = YES;
				CLANG_WARN_NON_LITERAL_NULL_CONVERSION = YES;
				CLANG_WARN_OBJC_IMPLICIT_RETAIN_SELF = YES;
				CLANG_WARN_OBJC_LITERAL_CONVERSION = YES;
				CLANG_WARN_OBJC_ROOT_CLASS = YES_ERROR;
				CLANG_WARN_QUOTED_INCLUDE_IN_FRAMEWORK_HEADER = YES;
				CLANG_WARN_RANGE_LOOP_ANALYSIS = YES;
				CLANG_WARN_STRICT_PROTOTYPES = YES;
				CLANG_WARN_SUSPICIOUS_MOVE = YES;
				CLANG_WARN_UNGUARDED_AVAILABILITY = YES_AGGRESSIVE;
				CLANG_WARN_UNREACHABLE_CODE = YES;
				CLANG_WARN__DUPLICATE_METHOD_MATCH = YES;
				COPY_PHASE_STRIP = NO;
				DEBUG_INFORMATION_FORMAT = "dwarf-with-dsym";
				ENABLE_NS_ASSERTIONS = NO;
				ENABLE_STRICT_OBJC_MSGSEND = YES;
				GCC_C_LANGUAGE_STANDARD = gnu11;
				GCC_NO_COMMON_BLOCKS = YES;
				GCC_WARN_64_TO_32_BIT_CONVERSION = YES;
				GCC_WARN_ABOUT_RETURN_TYPE = YES_ERROR;
				GCC_WARN_UNDECLARED_SELECTOR = YES;
				GCC_WARN_UNINITIALIZED_AUTOS = YES_AGGRESSIVE;
				GCC_WARN_UNUSED_FUNCTION = YES;
				GCC_WARN_UNUSED_VARIABLE = YES;
				IPHONEOS_DEPLOYMENT_TARGET = 16.0;
				MTL_ENABLE_DEBUG_INFO = NO;
				MTL_FAST_MATH = YES;
				SDKROOT = iphoneos;
				SWIFT_COMPILATION_MODE = wholemodule;
				SWIFT_OPTIMIZATION_LEVEL = "-O";
				VALIDATE_PRODUCT = YES;
			};
			name = Release;
		};
		4EBBA77C2A5F0CE200193E19 /* Debug */ = {
			isa = XCBuildConfiguration;
			buildSettings = {
				ASSETCATALOG_COMPILER_APPICON_NAME = AppIcon;
				ASSETCATALOG_COMPILER_GLOBAL_ACCENT_COLOR_NAME = AccentColor;
				CODE_SIGN_ENTITLEMENTS = MobileBuyIntegration/MobileBuyIntegration.entitlements;
				CODE_SIGN_STYLE = Automatic;
				CURRENT_PROJECT_VERSION = 1;
				DEVELOPMENT_TEAM = A7XGC83MZE;
				GENERATE_INFOPLIST_FILE = YES;
				INFOPLIST_FILE = MobileBuyIntegration/Info.plist;
				INFOPLIST_KEY_CFBundleDisplayName = Plant;
				INFOPLIST_KEY_UIApplicationSupportsIndirectInputEvents = YES;
				INFOPLIST_KEY_UILaunchStoryboardName = LaunchScreen;
				INFOPLIST_KEY_UISupportedInterfaceOrientations = UIInterfaceOrientationPortrait;
				INFOPLIST_KEY_UISupportedInterfaceOrientations_iPad = "UIInterfaceOrientationLandscapeLeft UIInterfaceOrientationLandscapeRight UIInterfaceOrientationPortrait UIInterfaceOrientationPortraitUpsideDown";
				IPHONEOS_DEPLOYMENT_TARGET = 16.0;
				LD_RUNPATH_SEARCH_PATHS = (
					"$(inherited)",
					"@executable_path/Frameworks",
				);
				MARKETING_VERSION = 1.0;
				PRODUCT_BUNDLE_IDENTIFIER = com.shopify.example.MobileBuyIntegration;
				PRODUCT_NAME = "$(TARGET_NAME)";
				SWIFT_EMIT_LOC_STRINGS = YES;
				SWIFT_VERSION = 5.0;
				TARGETED_DEVICE_FAMILY = "1,2";
			};
			name = Debug;
		};
		4EBBA77D2A5F0CE200193E19 /* Release */ = {
			isa = XCBuildConfiguration;
			buildSettings = {
				ASSETCATALOG_COMPILER_APPICON_NAME = AppIcon;
				ASSETCATALOG_COMPILER_GLOBAL_ACCENT_COLOR_NAME = AccentColor;
				CODE_SIGN_ENTITLEMENTS = MobileBuyIntegration/MobileBuyIntegration.entitlements;
				CODE_SIGN_STYLE = Automatic;
				CURRENT_PROJECT_VERSION = 1;
				DEVELOPMENT_TEAM = A7XGC83MZE;
				GENERATE_INFOPLIST_FILE = YES;
				INFOPLIST_FILE = MobileBuyIntegration/Info.plist;
				INFOPLIST_KEY_CFBundleDisplayName = Plant;
				INFOPLIST_KEY_UIApplicationSupportsIndirectInputEvents = YES;
				INFOPLIST_KEY_UILaunchStoryboardName = LaunchScreen;
				INFOPLIST_KEY_UISupportedInterfaceOrientations = UIInterfaceOrientationPortrait;
				INFOPLIST_KEY_UISupportedInterfaceOrientations_iPad = "UIInterfaceOrientationLandscapeLeft UIInterfaceOrientationLandscapeRight UIInterfaceOrientationPortrait UIInterfaceOrientationPortraitUpsideDown";
				IPHONEOS_DEPLOYMENT_TARGET = 16.0;
				LD_RUNPATH_SEARCH_PATHS = (
					"$(inherited)",
					"@executable_path/Frameworks",
				);
				MARKETING_VERSION = 1.0;
				ONLY_ACTIVE_ARCH = YES;
				PRODUCT_BUNDLE_IDENTIFIER = com.shopify.example.MobileBuyIntegration;
				PRODUCT_NAME = "$(TARGET_NAME)";
				SWIFT_EMIT_LOC_STRINGS = YES;
				SWIFT_VERSION = 5.0;
				TARGETED_DEVICE_FAMILY = "1,2";
			};
			name = Release;
		};
/* End XCBuildConfiguration section */

/* Begin XCConfigurationList section */
		4EBBA7622A5F0CE200193E19 /* Build configuration list for PBXProject "MobileBuyIntegration" */ = {
			isa = XCConfigurationList;
			buildConfigurations = (
				4EBBA7792A5F0CE200193E19 /* Debug */,
				4EBBA77A2A5F0CE200193E19 /* Release */,
			);
			defaultConfigurationIsVisible = 0;
			defaultConfigurationName = Release;
		};
		4EBBA77B2A5F0CE200193E19 /* Build configuration list for PBXNativeTarget "MobileBuyIntegration" */ = {
			isa = XCConfigurationList;
			buildConfigurations = (
				4EBBA77C2A5F0CE200193E19 /* Debug */,
				4EBBA77D2A5F0CE200193E19 /* Release */,
			);
			defaultConfigurationIsVisible = 0;
			defaultConfigurationName = Release;
		};
/* End XCConfigurationList section */

/* Begin XCRemoteSwiftPackageReference section */
		4EBBA7A12A5F0F5600193E19 /* XCRemoteSwiftPackageReference "mobile-buy-sdk-ios" */ = {
			isa = XCRemoteSwiftPackageReference;
			repositoryURL = "https://github.com/Shopify/mobile-buy-sdk-ios";
			requirement = {
				kind = exactVersion;
				version = 2025.1.0;
			};
		};
/* End XCRemoteSwiftPackageReference section */

/* Begin XCSwiftPackageProductDependency section */
		2147F3E32B502AA9005546F3 /* ShopifyCheckoutSheetKit */ = {
			isa = XCSwiftPackageProductDependency;
			productName = ShopifyCheckoutSheetKit;
		};
		4EBBA7A22A5F0F5600193E19 /* Buy */ = {
			isa = XCSwiftPackageProductDependency;
			package = 4EBBA7A12A5F0F5600193E19 /* XCRemoteSwiftPackageReference "mobile-buy-sdk-ios" */;
			productName = Buy;
		};
/* End XCSwiftPackageProductDependency section */
	};
	rootObject = 4EBBA75F2A5F0CE200193E19 /* Project object */;
}
