{
  "originHash" : "931440278103ba39b2d835f2c346aeb873ebcb4ff41767ce2ae24e250b359dbe",
  "pins" : [
    {
      "identity" : "apollo-ios",
      "kind" : "remoteSourceControl",
      "location" : "https://github.com/apollographql/apollo-ios.git",
      "state" : {
        "revision" : "d591c1dd55824867877cff4f6551fe32983d7f51",
        "version" : "1.23.0"
      }
    }
  ],
  "version" : 3
}
