{
  "pins" : [
    {
      "identity" : "swiftlintplugin",
      "kind" : "remoteSourceControl",
      "location" : "https://github.com/lukepistrol/SwiftLintPlugin",
      "state" : {
        "revision" : "ea918d6d5988407b24c2efad7722560752b1638a",
        "version" : "0.53.0"
      }
    }
  ],
  "version" : 2
}
