{
  "originHash" : "62051b57561cee5cc38179e28137b92b494503b064558f41caf8569b17f6740e",
  "pins" : [
    {
      "identity" : "mobile-buy-sdk-ios",
      "kind" : "remoteSourceControl",
      "location" : "https://github.com/Shopify/mobile-buy-sdk-ios",
      "state" : {
        "revision" : "3a6ecdce6b9e8f356078fbdc2b738ac32cd18153",
        "version" : "11.3.0"
      }
    }
  ],
  "version" : 3
}
