{
  "pins" : [
    {
      "identity" : "mobile-buy-sdk-ios",
      "kind" : "remoteSourceControl",
      "location" : "https://github.com/Shopify/mobile-buy-sdk-ios",
      "state" : {
        "branch" : "release/2025-01",
        "revision" : "35054ce2188b4fca6727bffc3ac1c76f9bb678b0"
      }
    },
    {
      "identity" : "swiftlintplugin",
      "kind" : "remoteSourceControl",
      "location" : "https://github.com/lukepistrol/SwiftLintPlugin",
      "state" : {
        "revision" : "bea71d23db993c58934ee704f798a66d7b8cb626",
        "version" : "0.57.0"
      }
    }
  ],
  "version" : 2
}
