// !$*UTF8*$!
{
	archiveVersion = 1;
	classes = {
	};
	objectVersion = 60;
	objects = {

/* Begin PBXBuildFile section */
		6A2DBC202B90ECBA00761222 /* SwiftUIExampleUITests.swift in Sources */ = {isa = PBXBuildFile; fileRef = 6A2DBC1F2B90ECBA00761222 /* SwiftUIExampleUITests.swift */; };
		6A2DBC222B90ECBA00761222 /* SwiftUIExampleUITestsLaunchTests.swift in Sources */ = {isa = PBXBuildFile; fileRef = 6A2DBC212B90ECBA00761222 /* SwiftUIExampleUITestsLaunchTests.swift */; };
		6A71777C2B90DEB000ED3B99 /* ShopifyCheckoutSheetKit in Frameworks */ = {isa = PBXBuildFile; productRef = 6A71777B2B90DEB000ED3B99 /* ShopifyCheckoutSheetKit */; };
		6A71777E2B90DECF00ED3B99 /* Buy in Frameworks */ = {isa = PBXBuildFile; productRef = 6A71777D2B90DECF00ED3B99 /* Buy */; };
		6AC6C3902B9089B60007EA2E /* ProductViewModel.swift in Sources */ = {isa = PBXBuildFile; fileRef = 6AC6C38F2B9089B60007EA2E /* ProductViewModel.swift */; };
		6ACED4192B909C5C00AC6947 /* ShopifyCheckoutSheetKit in Frameworks */ = {isa = PBXBuildFile; productRef = 6ACED4182B909C5C00AC6947 /* ShopifyCheckoutSheetKit */; };
		6ACED41B2B90A7FE00AC6947 /* CartView.swift in Sources */ = {isa = PBXBuildFile; fileRef = 6ACED41A2B90A7FE00AC6947 /* CartView.swift */; };
		86C569C32B15DA2B00F26028 /* App.swift in Sources */ = {isa = PBXBuildFile; fileRef = 86C569C22B15DA2B00F26028 /* App.swift */; };
		86C569C52B15DA2B00F26028 /* CatalogView.swift in Sources */ = {isa = PBXBuildFile; fileRef = 86C569C42B15DA2B00F26028 /* CatalogView.swift */; };
		86C569C72B15DA2D00F26028 /* Assets.xcassets in Resources */ = {isa = PBXBuildFile; fileRef = 86C569C62B15DA2D00F26028 /* Assets.xcassets */; };
		86C569ED2B15DB0A00F26028 /* StorefrontClient.swift in Sources */ = {isa = PBXBuildFile; fileRef = 86C569EC2B15DB0A00F26028 /* StorefrontClient.swift */; };
		86C569F22B15DC6F00F26028 /* StorefrontGraphQL.swift in Sources */ = {isa = PBXBuildFile; fileRef = 86C569F12B15DC6F00F26028 /* StorefrontGraphQL.swift */; };
		C00E59032C7897E90089F75E /* ShopifyCheckoutSheetKit in Frameworks */ = {isa = PBXBuildFile; productRef = C00E59022C7897E90089F75E /* ShopifyCheckoutSheetKit */; };
/* End PBXBuildFile section */

/* Begin PBXContainerItemProxy section */
		6A2DBC232B90ECBA00761222 /* PBXContainerItemProxy */ = {
			isa = PBXContainerItemProxy;
			containerPortal = 86C569B72B15DA2B00F26028 /* Project object */;
			proxyType = 1;
			remoteGlobalIDString = 86C569BE2B15DA2B00F26028;
			remoteInfo = SwiftUIExample;
		};
/* End PBXContainerItemProxy section */

/* Begin PBXFileReference section */
		6A2DBC1D2B90ECBA00761222 /* SwiftUIExampleUITests.xctest */ = {isa = PBXFileReference; explicitFileType = wrapper.cfbundle; includeInIndex = 0; path = SwiftUIExampleUITests.xctest; sourceTree = BUILT_PRODUCTS_DIR; };
		6A2DBC1F2B90ECBA00761222 /* SwiftUIExampleUITests.swift */ = {isa = PBXFileReference; lastKnownFileType = sourcecode.swift; path = SwiftUIExampleUITests.swift; sourceTree = "<group>"; };
		6A2DBC212B90ECBA00761222 /* SwiftUIExampleUITestsLaunchTests.swift */ = {isa = PBXFileReference; lastKnownFileType = sourcecode.swift; path = SwiftUIExampleUITestsLaunchTests.swift; sourceTree = "<group>"; };
		6AC6C38F2B9089B60007EA2E /* ProductViewModel.swift */ = {isa = PBXFileReference; lastKnownFileType = sourcecode.swift; path = ProductViewModel.swift; sourceTree = "<group>"; };
		6ACED41A2B90A7FE00AC6947 /* CartView.swift */ = {isa = PBXFileReference; lastKnownFileType = sourcecode.swift; path = CartView.swift; sourceTree = "<group>"; };
		8652C4602B1659E600A770F9 /* Info.plist */ = {isa = PBXFileReference; lastKnownFileType = text.plist; path = Info.plist; sourceTree = "<group>"; };
		8666476C2B1642730039400B /* Storefront.xcconfig */ = {isa = PBXFileReference; lastKnownFileType = text.xcconfig; path = Storefront.xcconfig; sourceTree = "<group>"; };
		86C569BF2B15DA2B00F26028 /* SwiftUIExample.app */ = {isa = PBXFileReference; explicitFileType = wrapper.application; includeInIndex = 0; path = SwiftUIExample.app; sourceTree = BUILT_PRODUCTS_DIR; };
		86C569C22B15DA2B00F26028 /* App.swift */ = {isa = PBXFileReference; lastKnownFileType = sourcecode.swift; path = App.swift; sourceTree = "<group>"; };
		86C569C42B15DA2B00F26028 /* CatalogView.swift */ = {isa = PBXFileReference; lastKnownFileType = sourcecode.swift; path = CatalogView.swift; sourceTree = "<group>"; };
		86C569C62B15DA2D00F26028 /* Assets.xcassets */ = {isa = PBXFileReference; lastKnownFileType = folder.assetcatalog; path = Assets.xcassets; sourceTree = "<group>"; };
		86C569EC2B15DB0A00F26028 /* StorefrontClient.swift */ = {isa = PBXFileReference; lastKnownFileType = sourcecode.swift; path = StorefrontClient.swift; sourceTree = "<group>"; };
		86C569F12B15DC6F00F26028 /* StorefrontGraphQL.swift */ = {isa = PBXFileReference; lastKnownFileType = sourcecode.swift; path = StorefrontGraphQL.swift; sourceTree = "<group>"; };
/* End PBXFileReference section */

/* Begin PBXFrameworksBuildPhase section */
		6A2DBC1A2B90ECBA00761222 /* Frameworks */ = {
			isa = PBXFrameworksBuildPhase;
			buildActionMask = 2147483647;
			files = (
			);
			runOnlyForDeploymentPostprocessing = 0;
		};
		86C569BC2B15DA2B00F26028 /* Frameworks */ = {
			isa = PBXFrameworksBuildPhase;
			buildActionMask = 2147483647;
			files = (
				C00E59032C7897E90089F75E /* ShopifyCheckoutSheetKit in Frameworks */,
				6A71777E2B90DECF00ED3B99 /* Buy in Frameworks */,
				6A71777C2B90DEB000ED3B99 /* ShopifyCheckoutSheetKit in Frameworks */,
				6ACED4192B909C5C00AC6947 /* ShopifyCheckoutSheetKit in Frameworks */,
			);
			runOnlyForDeploymentPostprocessing = 0;
		};
/* End PBXFrameworksBuildPhase section */

/* Begin PBXGroup section */
		6A2DBC1E2B90ECBA00761222 /* SwiftUIExampleUITests */ = {
			isa = PBXGroup;
			children = (
				6A2DBC1F2B90ECBA00761222 /* SwiftUIExampleUITests.swift */,
				6A2DBC212B90ECBA00761222 /* SwiftUIExampleUITestsLaunchTests.swift */,
			);
			path = SwiftUIExampleUITests;
			sourceTree = "<group>";
		};
		86054F802B48505A00FF808D /* packages */ = {
			isa = PBXGroup;
			children = (
			);
			path = packages;
			sourceTree = "<group>";
		};
		86054F872B48513700FF808D /* Frameworks */ = {
			isa = PBXGroup;
			children = (
			);
			name = Frameworks;
			sourceTree = "<group>";
		};
		86C569B62B15DA2B00F26028 = {
			isa = PBXGroup;
			children = (
				8666476C2B1642730039400B /* Storefront.xcconfig */,
				86054F802B48505A00FF808D /* packages */,
				86C569C12B15DA2B00F26028 /* SwiftUIExample */,
				6A2DBC1E2B90ECBA00761222 /* SwiftUIExampleUITests */,
				86C569C02B15DA2B00F26028 /* Products */,
				86054F872B48513700FF808D /* Frameworks */,
			);
			sourceTree = "<group>";
		};
		86C569C02B15DA2B00F26028 /* Products */ = {
			isa = PBXGroup;
			children = (
				86C569BF2B15DA2B00F26028 /* SwiftUIExample.app */,
				6A2DBC1D2B90ECBA00761222 /* SwiftUIExampleUITests.xctest */,
			);
			name = Products;
			sourceTree = "<group>";
		};
		86C569C12B15DA2B00F26028 /* SwiftUIExample */ = {
			isa = PBXGroup;
			children = (
				8652C4602B1659E600A770F9 /* Info.plist */,
				86C569C22B15DA2B00F26028 /* App.swift */,
				86C569EC2B15DB0A00F26028 /* StorefrontClient.swift */,
				86C569F12B15DC6F00F26028 /* StorefrontGraphQL.swift */,
				86C569C42B15DA2B00F26028 /* CatalogView.swift */,
				86C569C62B15DA2D00F26028 /* Assets.xcassets */,
				6AC6C38F2B9089B60007EA2E /* ProductViewModel.swift */,
				6ACED41A2B90A7FE00AC6947 /* CartView.swift */,
			);
			path = SwiftUIExample;
			sourceTree = "<group>";
		};
/* End PBXGroup section */

/* Begin PBXNativeTarget section */
		6A2DBC1C2B90ECBA00761222 /* SwiftUIExampleUITests */ = {
			isa = PBXNativeTarget;
			buildConfigurationList = 6A2DBC252B90ECBA00761222 /* Build configuration list for PBXNativeTarget "SwiftUIExampleUITests" */;
			buildPhases = (
				6A2DBC192B90ECBA00761222 /* Sources */,
				6A2DBC1A2B90ECBA00761222 /* Frameworks */,
				6A2DBC1B2B90ECBA00761222 /* Resources */,
			);
			buildRules = (
			);
			dependencies = (
				6A2DBC242B90ECBA00761222 /* PBXTargetDependency */,
			);
			name = SwiftUIExampleUITests;
			productName = SwiftUIExampleUITests;
			productReference = 6A2DBC1D2B90ECBA00761222 /* SwiftUIExampleUITests.xctest */;
			productType = "com.apple.product-type.bundle.ui-testing";
		};
		86C569BE2B15DA2B00F26028 /* SwiftUIExample */ = {
			isa = PBXNativeTarget;
			buildConfigurationList = 86C569E32B15DA2D00F26028 /* Build configuration list for PBXNativeTarget "SwiftUIExample" */;
			buildPhases = (
				86054F7F2B48503500FF808D /* Run SwiftLint */,
				86C569BB2B15DA2B00F26028 /* Sources */,
				86C569BC2B15DA2B00F26028 /* Frameworks */,
				86C569BD2B15DA2B00F26028 /* Resources */,
			);
			buildRules = (
			);
			dependencies = (
			);
			name = SwiftUIExample;
			packageProductDependencies = (
				6ACED4182B909C5C00AC6947 /* ShopifyCheckoutSheetKit */,
				6A71777B2B90DEB000ED3B99 /* ShopifyCheckoutSheetKit */,
				6A71777D2B90DECF00ED3B99 /* Buy */,
				C00E59022C7897E90089F75E /* ShopifyCheckoutSheetKit */,
			);
			productName = SwiftUIExample;
			productReference = 86C569BF2B15DA2B00F26028 /* SwiftUIExample.app */;
			productType = "com.apple.product-type.application";
		};
/* End PBXNativeTarget section */

/* Begin PBXProject section */
		86C569B72B15DA2B00F26028 /* Project object */ = {
			isa = PBXProject;
			attributes = {
				BuildIndependentTargetsInParallel = 1;
				LastSwiftUpdateCheck = 1520;
				LastUpgradeCheck = 1500;
				TargetAttributes = {
					6A2DBC1C2B90ECBA00761222 = {
						CreatedOnToolsVersion = 15.2;
						TestTargetID = 86C569BE2B15DA2B00F26028;
					};
					86C569BE2B15DA2B00F26028 = {
						CreatedOnToolsVersion = 15.0.1;
					};
				};
			};
			buildConfigurationList = 86C569BA2B15DA2B00F26028 /* Build configuration list for PBXProject "SwiftUIExample" */;
			compatibilityVersion = "Xcode 14.0";
			developmentRegion = en;
			hasScannedForEncodings = 0;
			knownRegions = (
				en,
				Base,
			);
			mainGroup = 86C569B62B15DA2B00F26028;
			packageReferences = (
				6A4C495D2B9090C4003C7D89 /* XCRemoteSwiftPackageReference "mobile-buy-sdk-ios" */,
				6ACED4172B909C5C00AC6947 /* XCLocalSwiftPackageReference "../.." */,
			);
			productRefGroup = 86C569C02B15DA2B00F26028 /* Products */;
			projectDirPath = "";
			projectRoot = "";
			targets = (
				86C569BE2B15DA2B00F26028 /* SwiftUIExample */,
				6A2DBC1C2B90ECBA00761222 /* SwiftUIExampleUITests */,
			);
		};
/* End PBXProject section */

/* Begin PBXResourcesBuildPhase section */
		6A2DBC1B2B90ECBA00761222 /* Resources */ = {
			isa = PBXResourcesBuildPhase;
			buildActionMask = 2147483647;
			files = (
			);
			runOnlyForDeploymentPostprocessing = 0;
		};
		86C569BD2B15DA2B00F26028 /* Resources */ = {
			isa = PBXResourcesBuildPhase;
			buildActionMask = 2147483647;
			files = (
				86C569C72B15DA2D00F26028 /* Assets.xcassets in Resources */,
			);
			runOnlyForDeploymentPostprocessing = 0;
		};
/* End PBXResourcesBuildPhase section */

/* Begin PBXShellScriptBuildPhase section */
		86054F7F2B48503500FF808D /* Run SwiftLint */ = {
			isa = PBXShellScriptBuildPhase;
			alwaysOutOfDate = 1;
			buildActionMask = 2147483647;
			files = (
			);
			inputFileListPaths = (
			);
			inputPaths = (
			);
			name = "Run SwiftLint";
			outputFileListPaths = (
			);
			outputPaths = (
			);
			runOnlyForDeploymentPostprocessing = 0;
			shellPath = /bin/sh;
			shellScript = "if [[ \"$(uname -m)\" == arm64 ]]; then\n    export PATH=\"/opt/homebrew/bin:$PATH\"\nfi\n\nif which swiftlint > /dev/null; then\n  swiftlint ../\nelse\n  echo \"warning: SwiftLint not installed, download from https://github.com/realm/SwiftLint\"\nfi\n";
		};
/* End PBXShellScriptBuildPhase section */

/* Begin PBXSourcesBuildPhase section */
		6A2DBC192B90ECBA00761222 /* Sources */ = {
			isa = PBXSourcesBuildPhase;
			buildActionMask = 2147483647;
			files = (
				6A2DBC202B90ECBA00761222 /* SwiftUIExampleUITests.swift in Sources */,
				6A2DBC222B90ECBA00761222 /* SwiftUIExampleUITestsLaunchTests.swift in Sources */,
			);
			runOnlyForDeploymentPostprocessing = 0;
		};
		86C569BB2B15DA2B00F26028 /* Sources */ = {
			isa = PBXSourcesBuildPhase;
			buildActionMask = 2147483647;
			files = (
				6ACED41B2B90A7FE00AC6947 /* CartView.swift in Sources */,
				86C569C52B15DA2B00F26028 /* CatalogView.swift in Sources */,
				86C569ED2B15DB0A00F26028 /* StorefrontClient.swift in Sources */,
				86C569C32B15DA2B00F26028 /* App.swift in Sources */,
				86C569F22B15DC6F00F26028 /* StorefrontGraphQL.swift in Sources */,
				6AC6C3902B9089B60007EA2E /* ProductViewModel.swift in Sources */,
			);
			runOnlyForDeploymentPostprocessing = 0;
		};
/* End PBXSourcesBuildPhase section */

/* Begin PBXTargetDependency section */
		6A2DBC242B90ECBA00761222 /* PBXTargetDependency */ = {
			isa = PBXTargetDependency;
			target = 86C569BE2B15DA2B00F26028 /* SwiftUIExample */;
			targetProxy = 6A2DBC232B90ECBA00761222 /* PBXContainerItemProxy */;
		};
/* End PBXTargetDependency section */

/* Begin XCBuildConfiguration section */
		6A2DBC262B90ECBA00761222 /* Debug */ = {
			isa = XCBuildConfiguration;
			buildSettings = {
				CODE_SIGN_STYLE = Automatic;
				CURRENT_PROJECT_VERSION = 1;
				DEVELOPMENT_TEAM = A7XGC83MZE;
				GENERATE_INFOPLIST_FILE = YES;
				IPHONEOS_DEPLOYMENT_TARGET = 17.2;
				MARKETING_VERSION = 1.0;
				PRODUCT_BUNDLE_IDENTIFIER = com.Shopify.SwiftUIExampleUITests;
				PRODUCT_NAME = "$(TARGET_NAME)";
				SWIFT_EMIT_LOC_STRINGS = NO;
				SWIFT_VERSION = 5.0;
				TARGETED_DEVICE_FAMILY = "1,2";
				TEST_TARGET_NAME = SwiftUIExample;
			};
			name = Debug;
		};
		6A2DBC272B90ECBA00761222 /* Release */ = {
			isa = XCBuildConfiguration;
			buildSettings = {
				CODE_SIGN_STYLE = Automatic;
				CURRENT_PROJECT_VERSION = 1;
				DEVELOPMENT_TEAM = A7XGC83MZE;
				GENERATE_INFOPLIST_FILE = YES;
				IPHONEOS_DEPLOYMENT_TARGET = 17.2;
				MARKETING_VERSION = 1.0;
				PRODUCT_BUNDLE_IDENTIFIER = com.Shopify.SwiftUIExampleUITests;
				PRODUCT_NAME = "$(TARGET_NAME)";
				SWIFT_EMIT_LOC_STRINGS = NO;
				SWIFT_VERSION = 5.0;
				TARGETED_DEVICE_FAMILY = "1,2";
				TEST_TARGET_NAME = SwiftUIExample;
			};
			name = Release;
		};
		86C569E12B15DA2D00F26028 /* Debug */ = {
			isa = XCBuildConfiguration;
			baseConfigurationReference = 8666476C2B1642730039400B /* Storefront.xcconfig */;
			buildSettings = {
				ALWAYS_SEARCH_USER_PATHS = NO;
				ASSETCATALOG_COMPILER_GENERATE_SWIFT_ASSET_SYMBOL_EXTENSIONS = YES;
				CLANG_ANALYZER_NONNULL = YES;
				CLANG_ANALYZER_NUMBER_OBJECT_CONVERSION = YES_AGGRESSIVE;
				CLANG_CXX_LANGUAGE_STANDARD = "gnu++20";
				CLANG_ENABLE_MODULES = YES;
				CLANG_ENABLE_OBJC_ARC = YES;
				CLANG_ENABLE_OBJC_WEAK = YES;
				CLANG_WARN_BLOCK_CAPTURE_AUTORELEASING = YES;
				CLANG_WARN_BOOL_CONVERSION = YES;
				CLANG_WARN_COMMA = YES;
				CLANG_WARN_CONSTANT_CONVERSION = YES;
				CLANG_WARN_DEPRECATED_OBJC_IMPLEMENTATIONS = YES;
				CLANG_WARN_DIRECT_OBJC_ISA_USAGE = YES_ERROR;
				CLANG_WARN_DOCUMENTATION_COMMENTS = YES;
				CLANG_WARN_EMPTY_BODY = YES;
				CLANG_WARN_ENUM_CONVERSION = YES;
				CLANG_WARN_INFINITE_RECURSION = YES;
				CLANG_WARN_INT_CONVERSION = YES;
				CLANG_WARN_NON_LITERAL_NULL_CONVERSION = YES;
				CLANG_WARN_OBJC_IMPLICIT_RETAIN_SELF = YES;
				CLANG_WARN_OBJC_LITERAL_CONVERSION = YES;
				CLANG_WARN_OBJC_ROOT_CLASS = YES_ERROR;
				CLANG_WARN_QUOTED_INCLUDE_IN_FRAMEWORK_HEADER = YES;
				CLANG_WARN_RANGE_LOOP_ANALYSIS = YES;
				CLANG_WARN_STRICT_PROTOTYPES = YES;
				CLANG_WARN_SUSPICIOUS_MOVE = YES;
				CLANG_WARN_UNGUARDED_AVAILABILITY = YES_AGGRESSIVE;
				CLANG_WARN_UNREACHABLE_CODE = YES;
				CLANG_WARN__DUPLICATE_METHOD_MATCH = YES;
				COPY_PHASE_STRIP = NO;
				DEBUG_INFORMATION_FORMAT = dwarf;
				ENABLE_STRICT_OBJC_MSGSEND = YES;
				ENABLE_TESTABILITY = YES;
				ENABLE_USER_SCRIPT_SANDBOXING = YES;
				GCC_C_LANGUAGE_STANDARD = gnu17;
				GCC_DYNAMIC_NO_PIC = NO;
				GCC_NO_COMMON_BLOCKS = YES;
				GCC_OPTIMIZATION_LEVEL = 0;
				GCC_PREPROCESSOR_DEFINITIONS = (
					"DEBUG=1",
					"$(inherited)",
				);
				"GCC_PREPROCESSOR_DEFINITIONS[arch=*]" = (
					"STOREFRONT_ACCESS_TOKEN=$(STOREFRONT_ACCESS_TOKEN)",
					"STOREFRONT_DOMAIN=$(STOREFRONT_DOMAIN)",
				);
				GCC_WARN_64_TO_32_BIT_CONVERSION = YES;
				GCC_WARN_ABOUT_RETURN_TYPE = YES_ERROR;
				GCC_WARN_UNDECLARED_SELECTOR = YES;
				GCC_WARN_UNINITIALIZED_AUTOS = YES_AGGRESSIVE;
				GCC_WARN_UNUSED_FUNCTION = YES;
				GCC_WARN_UNUSED_VARIABLE = YES;
				IPHONEOS_DEPLOYMENT_TARGET = 16.0;
				LOCALIZATION_PREFERS_STRING_CATALOGS = YES;
				MTL_ENABLE_DEBUG_INFO = INCLUDE_SOURCE;
				MTL_FAST_MATH = YES;
				ONLY_ACTIVE_ARCH = YES;
				SDKROOT = iphoneos;
				SWIFT_ACTIVE_COMPILATION_CONDITIONS = "DEBUG $(inherited)";
				SWIFT_OPTIMIZATION_LEVEL = "-Onone";
			};
			name = Debug;
		};
		86C569E22B15DA2D00F26028 /* Release */ = {
			isa = XCBuildConfiguration;
			baseConfigurationReference = 8666476C2B1642730039400B /* Storefront.xcconfig */;
			buildSettings = {
				ALWAYS_SEARCH_USER_PATHS = NO;
				ASSETCATALOG_COMPILER_GENERATE_SWIFT_ASSET_SYMBOL_EXTENSIONS = YES;
				CLANG_ANALYZER_NONNULL = YES;
				CLANG_ANALYZER_NUMBER_OBJECT_CONVERSION = YES_AGGRESSIVE;
				CLANG_CXX_LANGUAGE_STANDARD = "gnu++20";
				CLANG_ENABLE_MODULES = YES;
				CLANG_ENABLE_OBJC_ARC = YES;
				CLANG_ENABLE_OBJC_WEAK = YES;
				CLANG_WARN_BLOCK_CAPTURE_AUTORELEASING = YES;
				CLANG_WARN_BOOL_CONVERSION = YES;
				CLANG_WARN_COMMA = YES;
				CLANG_WARN_CONSTANT_CONVERSION = YES;
				CLANG_WARN_DEPRECATED_OBJC_IMPLEMENTATIONS = YES;
				CLANG_WARN_DIRECT_OBJC_ISA_USAGE = YES_ERROR;
				CLANG_WARN_DOCUMENTATION_COMMENTS = YES;
				CLANG_WARN_EMPTY_BODY = YES;
				CLANG_WARN_ENUM_CONVERSION = YES;
				CLANG_WARN_INFINITE_RECURSION = YES;
				CLANG_WARN_INT_CONVERSION = YES;
				CLANG_WARN_NON_LITERAL_NULL_CONVERSION = YES;
				CLANG_WARN_OBJC_IMPLICIT_RETAIN_SELF = YES;
				CLANG_WARN_OBJC_LITERAL_CONVERSION = YES;
				CLANG_WARN_OBJC_ROOT_CLASS = YES_ERROR;
				CLANG_WARN_QUOTED_INCLUDE_IN_FRAMEWORK_HEADER = YES;
				CLANG_WARN_RANGE_LOOP_ANALYSIS = YES;
				CLANG_WARN_STRICT_PROTOTYPES = YES;
				CLANG_WARN_SUSPICIOUS_MOVE = YES;
				CLANG_WARN_UNGUARDED_AVAILABILITY = YES_AGGRESSIVE;
				CLANG_WARN_UNREACHABLE_CODE = YES;
				CLANG_WARN__DUPLICATE_METHOD_MATCH = YES;
				COPY_PHASE_STRIP = NO;
				DEBUG_INFORMATION_FORMAT = "dwarf-with-dsym";
				ENABLE_NS_ASSERTIONS = NO;
				ENABLE_STRICT_OBJC_MSGSEND = YES;
				ENABLE_USER_SCRIPT_SANDBOXING = YES;
				GCC_C_LANGUAGE_STANDARD = gnu17;
				GCC_NO_COMMON_BLOCKS = YES;
				"GCC_PREPROCESSOR_DEFINITIONS[arch=*]" = (
					"STOREFRONT_DOMAIN=$(STOREFRONT_DOMAIN)",
					"STOREFRONT_ACCESS_TOKEN=$(STOREFRONT_ACCESS_TOKEN)",
				);
				GCC_WARN_64_TO_32_BIT_CONVERSION = YES;
				GCC_WARN_ABOUT_RETURN_TYPE = YES_ERROR;
				GCC_WARN_UNDECLARED_SELECTOR = YES;
				GCC_WARN_UNINITIALIZED_AUTOS = YES_AGGRESSIVE;
				GCC_WARN_UNUSED_FUNCTION = YES;
				GCC_WARN_UNUSED_VARIABLE = YES;
				IPHONEOS_DEPLOYMENT_TARGET = 16.0;
				LOCALIZATION_PREFERS_STRING_CATALOGS = YES;
				MTL_ENABLE_DEBUG_INFO = NO;
				MTL_FAST_MATH = YES;
				SDKROOT = iphoneos;
				SWIFT_COMPILATION_MODE = wholemodule;
				VALIDATE_PRODUCT = YES;
			};
			name = Release;
		};
		86C569E42B15DA2D00F26028 /* Debug */ = {
			isa = XCBuildConfiguration;
			baseConfigurationReference = 8666476C2B1642730039400B /* Storefront.xcconfig */;
			buildSettings = {
				ASSETCATALOG_COMPILER_APPICON_NAME = AppIcon;
				ASSETCATALOG_COMPILER_GLOBAL_ACCENT_COLOR_NAME = AccentColor;
				CODE_SIGN_STYLE = Automatic;
				CURRENT_PROJECT_VERSION = 1;
				DEVELOPMENT_ASSET_PATHS = "";
				DEVELOPMENT_TEAM = A7XGC83MZE;
				ENABLE_PREVIEWS = YES;
				GENERATE_INFOPLIST_FILE = YES;
				INFOPLIST_FILE = SwiftUIExample/Info.plist;
				INFOPLIST_KEY_UIApplicationSupportsIndirectInputEvents = YES;
				INFOPLIST_KEY_UILaunchScreen_Generation = YES;
				INFOPLIST_KEY_UISupportedInterfaceOrientations_iPad = "UIInterfaceOrientationPortrait UIInterfaceOrientationPortraitUpsideDown UIInterfaceOrientationLandscapeRight UIInterfaceOrientationLandscapeLeft";
				INFOPLIST_KEY_UISupportedInterfaceOrientations_iPhone = "UIInterfaceOrientationPortrait UIInterfaceOrientationLandscapeRight UIInterfaceOrientationLandscapeLeft UIInterfaceOrientationPortraitUpsideDown";
				IPHONEOS_DEPLOYMENT_TARGET = 16.0;
				LD_RUNPATH_SEARCH_PATHS = (
					"$(inherited)",
					"@executable_path/Frameworks",
				);
				MARKETING_VERSION = 1.0;
				PRODUCT_BUNDLE_IDENTIFIER = com.shopify.checkoutKit.SwiftUIExample;
				PRODUCT_NAME = "$(TARGET_NAME)";
				SWIFT_EMIT_LOC_STRINGS = YES;
				SWIFT_VERSION = 5.0;
				TARGETED_DEVICE_FAMILY = "1,2";
			};
			name = Debug;
		};
		86C569E52B15DA2D00F26028 /* Release */ = {
			isa = XCBuildConfiguration;
			baseConfigurationReference = 8666476C2B1642730039400B /* Storefront.xcconfig */;
			buildSettings = {
				ASSETCATALOG_COMPILER_APPICON_NAME = AppIcon;
				ASSETCATALOG_COMPILER_GLOBAL_ACCENT_COLOR_NAME = AccentColor;
				CODE_SIGN_STYLE = Automatic;
				CURRENT_PROJECT_VERSION = 1;
				DEVELOPMENT_ASSET_PATHS = "";
				DEVELOPMENT_TEAM = A7XGC83MZE;
				ENABLE_PREVIEWS = YES;
				GENERATE_INFOPLIST_FILE = YES;
				INFOPLIST_FILE = SwiftUIExample/Info.plist;
				INFOPLIST_KEY_UIApplicationSupportsIndirectInputEvents = YES;
				INFOPLIST_KEY_UILaunchScreen_Generation = YES;
				INFOPLIST_KEY_UISupportedInterfaceOrientations_iPad = "UIInterfaceOrientationPortrait UIInterfaceOrientationPortraitUpsideDown UIInterfaceOrientationLandscapeRight UIInterfaceOrientationLandscapeLeft";
				INFOPLIST_KEY_UISupportedInterfaceOrientations_iPhone = "UIInterfaceOrientationPortrait UIInterfaceOrientationLandscapeRight UIInterfaceOrientationLandscapeLeft UIInterfaceOrientationPortraitUpsideDown";
				IPHONEOS_DEPLOYMENT_TARGET = 16.0;
				LD_RUNPATH_SEARCH_PATHS = (
					"$(inherited)",
					"@executable_path/Frameworks",
				);
				MARKETING_VERSION = 1.0;
				PRODUCT_BUNDLE_IDENTIFIER = com.shopify.checkoutKit.SwiftUIExample;
				PRODUCT_NAME = "$(TARGET_NAME)";
				SWIFT_EMIT_LOC_STRINGS = YES;
				SWIFT_VERSION = 5.0;
				TARGETED_DEVICE_FAMILY = "1,2";
			};
			name = Release;
		};
/* End XCBuildConfiguration section */

/* Begin XCConfigurationList section */
		6A2DBC252B90ECBA00761222 /* Build configuration list for PBXNativeTarget "SwiftUIExampleUITests" */ = {
			isa = XCConfigurationList;
			buildConfigurations = (
				6A2DBC262B90ECBA00761222 /* Debug */,
				6A2DBC272B90ECBA00761222 /* Release */,
			);
			defaultConfigurationIsVisible = 0;
			defaultConfigurationName = Release;
		};
		86C569BA2B15DA2B00F26028 /* Build configuration list for PBXProject "SwiftUIExample" */ = {
			isa = XCConfigurationList;
			buildConfigurations = (
				86C569E12B15DA2D00F26028 /* Debug */,
				86C569E22B15DA2D00F26028 /* Release */,
			);
			defaultConfigurationIsVisible = 0;
			defaultConfigurationName = Release;
		};
		86C569E32B15DA2D00F26028 /* Build configuration list for PBXNativeTarget "SwiftUIExample" */ = {
			isa = XCConfigurationList;
			buildConfigurations = (
				86C569E42B15DA2D00F26028 /* Debug */,
				86C569E52B15DA2D00F26028 /* Release */,
			);
			defaultConfigurationIsVisible = 0;
			defaultConfigurationName = Release;
		};
/* End XCConfigurationList section */

/* Begin XCLocalSwiftPackageReference section */
		6ACED4172B909C5C00AC6947 /* XCLocalSwiftPackageReference "../.." */ = {
			isa = XCLocalSwiftPackageReference;
			relativePath = ../..;
		};
/* End XCLocalSwiftPackageReference section */

/* Begin XCRemoteSwiftPackageReference section */
		6A4C495D2B9090C4003C7D89 /* XCRemoteSwiftPackageReference "mobile-buy-sdk-ios" */ = {
			isa = XCRemoteSwiftPackageReference;
			repositoryURL = "https://github.com/Shopify/mobile-buy-sdk-ios";
			requirement = {
				kind = upToNextMajorVersion;
				minimumVersion = 11.3.0;
			};
		};
/* End XCRemoteSwiftPackageReference section */

/* Begin XCSwiftPackageProductDependency section */
		6A71777B2B90DEB000ED3B99 /* ShopifyCheckoutSheetKit */ = {
			isa = XCSwiftPackageProductDependency;
			productName = ShopifyCheckoutSheetKit;
		};
		6A71777D2B90DECF00ED3B99 /* Buy */ = {
			isa = XCSwiftPackageProductDependency;
			package = 6A4C495D2B9090C4003C7D89 /* XCRemoteSwiftPackageReference "mobile-buy-sdk-ios" */;
			productName = Buy;
		};
		6ACED4182B909C5C00AC6947 /* ShopifyCheckoutSheetKit */ = {
			isa = XCSwiftPackageProductDependency;
			productName = ShopifyCheckoutSheetKit;
		};
		C00E59022C7897E90089F75E /* ShopifyCheckoutSheetKit */ = {
			isa = XCSwiftPackageProductDependency;
			productName = ShopifyCheckoutSheetKit;
		};
/* End XCSwiftPackageProductDependency section */
	};
	rootObject = 86C569B72B15DA2B00F26028 /* Project object */;
}
